
Microsoft Visual Studio Solution File, Format Version 10.00
# Visual C++ Express 2008
Project("{8BC9CEB8-8B4A-11D0-8D11-00A0C91BC942}") = "calc2", "calc2.vcproj", "{0C57F986-D45C-4ADB-B73A-AEF26B415103}"
EndProject
Global
	GlobalSection(SolutionConfigurationPlatforms) = preSolution
		Debug|Win32 = Debug|Win32
		Release|Win32 = Release|Win32
	EndGlobalSection
	GlobalSection(ProjectConfigurationPlatforms) = postSolution
		{0C57F986-D45C-4ADB-B73A-AEF26B415103}.Debug|Win32.ActiveCfg = Debug|Win32
		{0C57F986-D45C-4ADB-B73A-AEF26B415103}.Debug|Win32.Build.0 = Debug|Win32
		{0C57F986-D45C-4ADB-B73A-AEF26B415103}.Release|Win32.ActiveCfg = Release|Win32
		{0C57F986-D45C-4ADB-B73A-AEF26B415103}.Release|Win32.Build.0 = Release|Win32
	EndGlobalSection
	GlobalSection(SolutionProperties) = preSolution
		HideSolutionNode = FALSE
	EndGlobalSection
EndGlobal
