
Microsoft Visual Studio Solution File, Format Version 10.00
# Visual C++ Express 2008
Project("{8BC9CEB8-8B4A-11D0-8D11-00A0C91BC942}") = "hack", "hack.vcproj", "{3B39C22A-354C-4B52-B21A-4C37B3B22527}"
EndProject
Global
	GlobalSection(SolutionConfigurationPlatforms) = preSolution
		Debug|Win32 = Debug|Win32
		Release|Win32 = Release|Win32
	EndGlobalSection
	GlobalSection(ProjectConfigurationPlatforms) = postSolution
		{3B39C22A-354C-4B52-B21A-4C37B3B22527}.Debug|Win32.ActiveCfg = Debug|Win32
		{3B39C22A-354C-4B52-B21A-4C37B3B22527}.Debug|Win32.Build.0 = Debug|Win32
		{3B39C22A-354C-4B52-B21A-4C37B3B22527}.Release|Win32.ActiveCfg = Release|Win32
		{3B39C22A-354C-4B52-B21A-4C37B3B22527}.Release|Win32.Build.0 = Release|Win32
	EndGlobalSection
	GlobalSection(SolutionProperties) = preSolution
		HideSolutionNode = FALSE
	EndGlobalSection
EndGlobal
